
Microsoft Visual Studio Solution File, Format Version 12.00
# Visual Studio 15
VisualStudioVersion = 15.0.27004.2008
MinimumVisualStudioVersion = 10.0.40219.1
Project("{FAE04EC0-301F-11D3-BF4B-00C04F79EFBC}") = "fnMath", "fnMath\fnMath.csproj", "{B5D5FFDA-BD1E-496D-9DF2-0BDCCD594BD4}"
EndProject
Project("{FAE04EC0-301F-11D3-BF4B-00C04F79EFBC}") = "fnMath.Tests", "fnMath.Tests\fnMath.Tests.csproj", "{C56EC27A-6FB6-4717-92F5-2322834A9FD5}"
EndProject
Project("{FAE04EC0-301F-11D3-BF4B-00C04F79EFBC}") = "fnMathExamples", "fnMathExamples\fnMathExamples.csproj", "{1B2A9019-7C5F-409C-B0FA-432250B359E5}"
EndProject
Global
	GlobalSection(SolutionConfigurationPlatforms) = preSolution
		Debug|Any CPU = Debug|Any CPU
		Release|Any CPU = Release|Any CPU
	EndGlobalSection
	GlobalSection(ProjectConfigurationPlatforms) = postSolution
		{B5D5FFDA-BD1E-496D-9DF2-0BDCCD594BD4}.Debug|Any CPU.ActiveCfg = Debug|Any CPU
		{B5D5FFDA-BD1E-496D-9DF2-0BDCCD594BD4}.Debug|Any CPU.Build.0 = Debug|Any CPU
		{B5D5FFDA-BD1E-496D-9DF2-0BDCCD594BD4}.Release|Any CPU.ActiveCfg = Release|Any CPU
		{B5D5FFDA-BD1E-496D-9DF2-0BDCCD594BD4}.Release|Any CPU.Build.0 = Release|Any CPU
		{C56EC27A-6FB6-4717-92F5-2322834A9FD5}.Debug|Any CPU.ActiveCfg = Debug|Any CPU
		{C56EC27A-6FB6-4717-92F5-2322834A9FD5}.Debug|Any CPU.Build.0 = Debug|Any CPU
		{C56EC27A-6FB6-4717-92F5-2322834A9FD5}.Release|Any CPU.ActiveCfg = Release|Any CPU
		{C56EC27A-6FB6-4717-92F5-2322834A9FD5}.Release|Any CPU.Build.0 = Release|Any CPU
		{1B2A9019-7C5F-409C-B0FA-432250B359E5}.Debug|Any CPU.ActiveCfg = Debug|Any CPU
		{1B2A9019-7C5F-409C-B0FA-432250B359E5}.Debug|Any CPU.Build.0 = Debug|Any CPU
		{1B2A9019-7C5F-409C-B0FA-432250B359E5}.Release|Any CPU.ActiveCfg = Release|Any CPU
		{1B2A9019-7C5F-409C-B0FA-432250B359E5}.Release|Any CPU.Build.0 = Release|Any CPU
	EndGlobalSection
	GlobalSection(SolutionProperties) = preSolution
		HideSolutionNode = FALSE
	EndGlobalSection
	GlobalSection(ExtensibilityGlobals) = postSolution
		SolutionGuid = {B0E88BC9-0F0A-4CA1-B14C-92197A16E686}
	EndGlobalSection
EndGlobal
